# This file is autogenerated, do not edit; changes may be undone by the next 'dep ensure'.


[[projects]]
  digest = "1:4333e9d9cc731d01e67e19c33da46e95860b95f8b8032bc586d69b169e1b0c1b"
  name = "github.com/aymerick/raymond"
  packages = [
    ".",
    "ast",
    "lexer",
    "parser",
  ]
  pruneopts = "UT"
  revision = "2eebd0f5dd9564c0c6e439df11d8a3c7b9b9ab11"
  version = "v2.0.2"

[[projects]]
  branch = "master"
  digest = "1:f0e8586b171a397d0377f8980798a40ad9c50935154efe8a38d1440f89b58f1c"
  name = "github.com/ivahaev/go-xlsx-templater"
  packages = ["."]
  pruneopts = "UT"
  revision = "2e8cfa165ade1ae6f833b1fbb56ec32925ca59ac"

[[projects]]
  digest = "1:7f60bb033c03f8322869de36b3a063080593d22037c5a117007553441645adaa"
  name = "github.com/tealeg/xlsx"
  packages = ["."]
  pruneopts = "UT"
  revision = "b11c494b670b7b041e833f706045b8134f8f87c6"
  version = "v1.0.5"

[solve-meta]
  analyzer-name = "dep"
  analyzer-version = 1
  input-imports = [
    "github.com/aymerick/raymond",
    "github.com/ivahaev/go-xlsx-templater",
    "github.com/tealeg/xlsx",
  ]
  solver-name = "gps-cdcl"
  solver-version = 1
